// !$*UTF8*$!
{
	archiveVersion = 1;
	classes = {
	};
	objectVersion = 56;
	objects = {

/* Begin PBXBuildFile section */
		4DB7ACF5473DCBB0FF5C3B76 /* Pods_lijang_ios.framework in Frameworks */ = {isa = PBXBuildFile; fileRef = 7794F336C3A7EE2510F1B556 /* Pods_lijang_ios.framework */; };
		C5B4450828EDF08F00EC787D /* AppDelegate.swift in Sources */ = {isa = PBXBuildFile; fileRef = C5B4450728EDF08F00EC787D /* AppDelegate.swift */; };
		C5B4450A28EDF08F00EC787D /* SceneDelegate.swift in Sources */ = {isa = PBXBuildFile; fileRef = C5B4450928EDF08F00EC787D /* SceneDelegate.swift */; };
		C5B4450F28EDF08F00EC787D /* Main.storyboard in Resources */ = {isa = PBXBuildFile; fileRef = C5B4450D28EDF08F00EC787D /* Main.storyboard */; };
		C5B4451128EDF09100EC787D /* Assets.xcassets in Resources */ = {isa = PBXBuildFile; fileRef = C5B4451028EDF09100EC787D /* Assets.xcassets */; };
		C5B4451428EDF09100EC787D /* LaunchScreen.storyboard in Resources */ = {isa = PBXBuildFile; fileRef = C5B4451228EDF09100EC787D /* LaunchScreen.storyboard */; };
		C5B4451D28EDF13E00EC787D /* ParseSwift in Frameworks */ = {isa = PBXBuildFile; productRef = C5B4451C28EDF13E00EC787D /* ParseSwift */; };
		C5B4452028EDF15900EC787D /* AlamofireImage in Frameworks */ = {isa = PBXBuildFile; productRef = C5B4451F28EDF15900EC787D /* AlamofireImage */; };
		C5B4452228EDF5DB00EC787D /* loginViewController.swift in Sources */ = {isa = PBXBuildFile; fileRef = C5B4452128EDF5DB00EC787D /* loginViewController.swift */; };
		C5B4452428EDF5E600EC787D /* feedViewController.swift in Sources */ = {isa = PBXBuildFile; fileRef = C5B4452328EDF5E600EC787D /* feedViewController.swift */; };
/* End PBXBuildFile section */

/* Begin PBXFileReference section */
		6D26234BD859DED41426CF7E /* Pods-lijang.ios.release.xcconfig */ = {isa = PBXFileReference; includeInIndex = 1; lastKnownFileType = text.xcconfig; name = "Pods-lijang.ios.release.xcconfig"; path = "Target Support Files/Pods-lijang.ios/Pods-lijang.ios.release.xcconfig"; sourceTree = "<group>"; };
		7794F336C3A7EE2510F1B556 /* Pods_lijang_ios.framework */ = {isa = PBXFileReference; explicitFileType = wrapper.framework; includeInIndex = 0; path = Pods_lijang_ios.framework; sourceTree = BUILT_PRODUCTS_DIR; };
		8A38544955FF8518088923F8 /* Pods-lijang.ios.debug.xcconfig */ = {isa = PBXFileReference; includeInIndex = 1; lastKnownFileType = text.xcconfig; name = "Pods-lijang.ios.debug.xcconfig"; path = "Target Support Files/Pods-lijang.ios/Pods-lijang.ios.debug.xcconfig"; sourceTree = "<group>"; };
		C5B4450428EDF08F00EC787D /* lijang.ios.app */ = {isa = PBXFileReference; explicitFileType = wrapper.application; includeInIndex = 0; path = lijang.ios.app; sourceTree = BUILT_PRODUCTS_DIR; };
		C5B4450728EDF08F00EC787D /* AppDelegate.swift */ = {isa = PBXFileReference; lastKnownFileType = sourcecode.swift; path = AppDelegate.swift; sourceTree = "<group>"; };
		C5B4450928EDF08F00EC787D /* SceneDelegate.swift */ = {isa = PBXFileReference; lastKnownFileType = sourcecode.swift; path = SceneDelegate.swift; sourceTree = "<group>"; };
		C5B4450E28EDF08F00EC787D /* Base */ = {isa = PBXFileReference; lastKnownFileType = file.storyboard; name = Base; path = Base.lproj/Main.storyboard; sourceTree = "<group>"; };
		C5B4451028EDF09100EC787D /* Assets.xcassets */ = {isa = PBXFileReference; lastKnownFileType = folder.assetcatalog; path = Assets.xcassets; sourceTree = "<group>"; };
		C5B4451328EDF09100EC787D /* Base */ = {isa = PBXFileReference; lastKnownFileType = file.storyboard; name = Base; path = Base.lproj/LaunchScreen.storyboard; sourceTree = "<group>"; };
		C5B4451528EDF09100EC787D /* Info.plist */ = {isa = PBXFileReference; lastKnownFileType = text.plist.xml; path = Info.plist; sourceTree = "<group>"; };
		C5B4452128EDF5DB00EC787D /* loginViewController.swift */ = {isa = PBXFileReference; lastKnownFileType = sourcecode.swift; path = loginViewController.swift; sourceTree = "<group>"; };
		C5B4452328EDF5E600EC787D /* feedViewController.swift */ = {isa = PBXFileReference; lastKnownFileType = sourcecode.swift; path = feedViewController.swift; sourceTree = "<group>"; };
/* End PBXFileReference section */

/* Begin PBXFrameworksBuildPhase section */
		C5B4450128EDF08F00EC787D /* Frameworks */ = {
			isa = PBXFrameworksBuildPhase;
			buildActionMask = 2147483647;
			files = (
				C5B4451D28EDF13E00EC787D /* ParseSwift in Frameworks */,
				C5B4452028EDF15900EC787D /* AlamofireImage in Frameworks */,
				4DB7ACF5473DCBB0FF5C3B76 /* Pods_lijang_ios.framework in Frameworks */,
			);
			runOnlyForDeploymentPostprocessing = 0;
		};
/* End PBXFrameworksBuildPhase section */

/* Begin PBXGroup section */
		025928C9AF409E183579EB16 /* Frameworks */ = {
			isa = PBXGroup;
			children = (
				7794F336C3A7EE2510F1B556 /* Pods_lijang_ios.framework */,
			);
			name = Frameworks;
			sourceTree = "<group>";
		};
		70B6CBECEC2FFFABAC588B4B /* Pods */ = {
			isa = PBXGroup;
			children = (
				8A38544955FF8518088923F8 /* Pods-lijang.ios.debug.xcconfig */,
				6D26234BD859DED41426CF7E /* Pods-lijang.ios.release.xcconfig */,
			);
			path = Pods;
			sourceTree = "<group>";
		};
		C5B444FB28EDF08F00EC787D = {
			isa = PBXGroup;
			children = (
				C5B4450628EDF08F00EC787D /* lijang.ios */,
				C5B4450528EDF08F00EC787D /* Products */,
				70B6CBECEC2FFFABAC588B4B /* Pods */,
				025928C9AF409E183579EB16 /* Frameworks */,
			);
			sourceTree = "<group>";
		};
		C5B4450528EDF08F00EC787D /* Products */ = {
			isa = PBXGroup;
			children = (
				C5B4450428EDF08F00EC787D /* lijang.ios.app */,
			);
			name = Products;
			sourceTree = "<group>";
		};
		C5B4450628EDF08F00EC787D /* lijang.ios */ = {
			isa = PBXGroup;
			children = (
				C5B4450728EDF08F00EC787D /* AppDelegate.swift */,
				C5B4450928EDF08F00EC787D /* SceneDelegate.swift */,
				C5B4450D28EDF08F00EC787D /* Main.storyboard */,
				C5B4451028EDF09100EC787D /* Assets.xcassets */,
				C5B4451228EDF09100EC787D /* LaunchScreen.storyboard */,
				C5B4451528EDF09100EC787D /* Info.plist */,
				C5B4452528EDF5F600EC787D /* View Controllers */,
			);
			path = lijang.ios;
			sourceTree = "<group>";
		};
		C5B4452528EDF5F600EC787D /* View Controllers */ = {
			isa = PBXGroup;
			children = (
				C5B4452128EDF5DB00EC787D /* loginViewController.swift */,
				C5B4452328EDF5E600EC787D /* feedViewController.swift */,
			);
			path = "View Controllers";
			sourceTree = "<group>";
		};
/* End PBXGroup section */

/* Begin PBXNativeTarget section */
		C5B4450328EDF08F00EC787D /* lijang.ios */ = {
			isa = PBXNativeTarget;
			buildConfigurationList = C5B4451828EDF09100EC787D /* Build configuration list for PBXNativeTarget "lijang.ios" */;
			buildPhases = (
				D10ACEED5B31CD5743935E9B /* [CP] Check Pods Manifest.lock */,
				C5B4450028EDF08F00EC787D /* Sources */,
				C5B4450128EDF08F00EC787D /* Frameworks */,
				C5B4450228EDF08F00EC787D /* Resources */,
				F6777F058F9C4589E60B914F /* [CP] Embed Pods Frameworks */,
			);
			buildRules = (
			);
			dependencies = (
			);
			name = lijang.ios;
			packageProductDependencies = (
				C5B4451C28EDF13E00EC787D /* ParseSwift */,
				C5B4451F28EDF15900EC787D /* AlamofireImage */,
			);
			productName = lijang.ios;
			productReference = C5B4450428EDF08F00EC787D /* lijang.ios.app */;
			productType = "com.apple.product-type.application";
		};
/* End PBXNativeTarget section */

/* Begin PBXProject section */
		C5B444FC28EDF08F00EC787D /* Project object */ = {
			isa = PBXProject;
			attributes = {
				BuildIndependentTargetsInParallel = 1;
				LastSwiftUpdateCheck = 1400;
				LastUpgradeCheck = 1400;
				TargetAttributes = {
					C5B4450328EDF08F00EC787D = {
						CreatedOnToolsVersion = 14.0.1;
					};
				};
			};
			buildConfigurationList = C5B444FF28EDF08F00EC787D /* Build configuration list for PBXProject "lijang.ios" */;
			compatibilityVersion = "Xcode 14.0";
			developmentRegion = en;
			hasScannedForEncodings = 0;
			knownRegions = (
				en,
				Base,
			);
			mainGroup = C5B444FB28EDF08F00EC787D;
			packageReferences = (
				C5B4451B28EDF13E00EC787D /* XCRemoteSwiftPackageReference "Parse-Swift" */,
				C5B4451E28EDF15900EC787D /* XCRemoteSwiftPackageReference "AlamofireImage" */,
			);
			productRefGroup = C5B4450528EDF08F00EC787D /* Products */;
			projectDirPath = "";
			projectRoot = "";
			targets = (
				C5B4450328EDF08F00EC787D /* lijang.ios */,
			);
		};
/* End PBXProject section */

/* Begin PBXResourcesBuildPhase section */
		C5B4450228EDF08F00EC787D /* Resources */ = {
			isa = PBXResourcesBuildPhase;
			buildActionMask = 2147483647;
			files = (
				C5B4451428EDF09100EC787D /* LaunchScreen.storyboard in Resources */,
				C5B4451128EDF09100EC787D /* Assets.xcassets in Resources */,
				C5B4450F28EDF08F00EC787D /* Main.storyboard in Resources */,
			);
			runOnlyForDeploymentPostprocessing = 0;
		};
/* End PBXResourcesBuildPhase section */

/* Begin PBXShellScriptBuildPhase section */
		D10ACEED5B31CD5743935E9B /* [CP] Check Pods Manifest.lock */ = {
			isa = PBXShellScriptBuildPhase;
			buildActionMask = 2147483647;
			files = (
			);
			inputFileListPaths = (
			);
			inputPaths = (
				"${PODS_PODFILE_DIR_PATH}/Podfile.lock",
				"${PODS_ROOT}/Manifest.lock",
			);
			name = "[CP] Check Pods Manifest.lock";
			outputFileListPaths = (
			);
			outputPaths = (
				"$(DERIVED_FILE_DIR)/Pods-lijang.ios-checkManifestLockResult.txt",
			);
			runOnlyForDeploymentPostprocessing = 0;
			shellPath = /bin/sh;
			shellScript = "diff \"${PODS_PODFILE_DIR_PATH}/Podfile.lock\" \"${PODS_ROOT}/Manifest.lock\" > /dev/null\nif [ $? != 0 ] ; then\n    # print error to STDERR\n    echo \"error: The sandbox is not in sync with the Podfile.lock. Run 'pod install' or update your CocoaPods installation.\" >&2\n    exit 1\nfi\n# This output is used by Xcode 'outputs' to avoid re-running this script phase.\necho \"SUCCESS\" > \"${SCRIPT_OUTPUT_FILE_0}\"\n";
			showEnvVarsInLog = 0;
		};
		F6777F058F9C4589E60B914F /* [CP] Embed Pods Frameworks */ = {
			isa = PBXShellScriptBuildPhase;
			buildActionMask = 2147483647;
			files = (
			);
			inputFileListPaths = (
				"${PODS_ROOT}/Target Support Files/Pods-lijang.ios/Pods-lijang.ios-frameworks-${CONFIGURATION}-input-files.xcfilelist",
			);
			name = "[CP] Embed Pods Frameworks";
			outputFileListPaths = (
				"${PODS_ROOT}/Target Support Files/Pods-lijang.ios/Pods-lijang.ios-frameworks-${CONFIGURATION}-output-files.xcfilelist",
			);
			runOnlyForDeploymentPostprocessing = 0;
			shellPath = /bin/sh;
			shellScript = "\"${PODS_ROOT}/Target Support Files/Pods-lijang.ios/Pods-lijang.ios-frameworks.sh\"\n";
			showEnvVarsInLog = 0;
		};
/* End PBXShellScriptBuildPhase section */

/* Begin PBXSourcesBuildPhase section */
		C5B4450028EDF08F00EC787D /* Sources */ = {
			isa = PBXSourcesBuildPhase;
			buildActionMask = 2147483647;
			files = (
				C5B4450828EDF08F00EC787D /* AppDelegate.swift in Sources */,
				C5B4450A28EDF08F00EC787D /* SceneDelegate.swift in Sources */,
				C5B4452428EDF5E600EC787D /* feedViewController.swift in Sources */,
				C5B4452228EDF5DB00EC787D /* loginViewController.swift in Sources */,
			);
			runOnlyForDeploymentPostprocessing = 0;
		};
/* End PBXSourcesBuildPhase section */

/* Begin PBXVariantGroup section */
		C5B4450D28EDF08F00EC787D /* Main.storyboard */ = {
			isa = PBXVariantGroup;
			children = (
				C5B4450E28EDF08F00EC787D /* Base */,
			);
			name = Main.storyboard;
			sourceTree = "<group>";
		};
		C5B4451228EDF09100EC787D /* LaunchScreen.storyboard */ = {
			isa = PBXVariantGroup;
			children = (
				C5B4451328EDF09100EC787D /* Base */,
			);
			name = LaunchScreen.storyboard;
			sourceTree = "<group>";
		};
/* End PBXVariantGroup section */

/* Begin XCBuildConfiguration section */
		C5B4451628EDF09100EC787D /* Debug */ = {
			isa = XCBuildConfiguration;
			buildSettings = {
				ALWAYS_SEARCH_USER_PATHS = NO;
				CLANG_ANALYZER_NONNULL = YES;
				CLANG_ANALYZER_NUMBER_OBJECT_CONVERSION = YES_AGGRESSIVE;
				CLANG_CXX_LANGUAGE_STANDARD = "gnu++20";
				CLANG_ENABLE_MODULES = YES;
				CLANG_ENABLE_OBJC_ARC = YES;
				CLANG_ENABLE_OBJC_WEAK = YES;
				CLANG_WARN_BLOCK_CAPTURE_AUTORELEASING = YES;
				CLANG_WARN_BOOL_CONVERSION = YES;
				CLANG_WARN_COMMA = YES;
				CLANG_WARN_CONSTANT_CONVERSION = YES;
				CLANG_WARN_DEPRECATED_OBJC_IMPLEMENTATIONS = YES;
				CLANG_WARN_DIRECT_OBJC_ISA_USAGE = YES_ERROR;
				CLANG_WARN_DOCUMENTATION_COMMENTS = YES;
				CLANG_WARN_EMPTY_BODY = YES;
				CLANG_WARN_ENUM_CONVERSION = YES;
				CLANG_WARN_INFINITE_RECURSION = YES;
				CLANG_WARN_INT_CONVERSION = YES;
				CLANG_WARN_NON_LITERAL_NULL_CONVERSION = YES;
				CLANG_WARN_OBJC_IMPLICIT_RETAIN_SELF = YES;
				CLANG_WARN_OBJC_LITERAL_CONVERSION = YES;
				CLANG_WARN_OBJC_ROOT_CLASS = YES_ERROR;
				CLANG_WARN_QUOTED_INCLUDE_IN_FRAMEWORK_HEADER = YES;
				CLANG_WARN_RANGE_LOOP_ANALYSIS = YES;
				CLANG_WARN_STRICT_PROTOTYPES = YES;
				CLANG_WARN_SUSPICIOUS_MOVE = YES;
				CLANG_WARN_UNGUARDED_AVAILABILITY = YES_AGGRESSIVE;
				CLANG_WARN_UNREACHABLE_CODE = YES;
				CLANG_WARN__DUPLICATE_METHOD_MATCH = YES;
				COPY_PHASE_STRIP = NO;
				DEBUG_INFORMATION_FORMAT = dwarf;
				ENABLE_STRICT_OBJC_MSGSEND = YES;
				ENABLE_TESTABILITY = YES;
				GCC_C_LANGUAGE_STANDARD = gnu11;
				GCC_DYNAMIC_NO_PIC = NO;
				GCC_NO_COMMON_BLOCKS = YES;
				GCC_OPTIMIZATION_LEVEL = 0;
				GCC_PREPROCESSOR_DEFINITIONS = (
					"DEBUG=1",
					"$(inherited)",
				);
				GCC_WARN_64_TO_32_BIT_CONVERSION = YES;
				GCC_WARN_ABOUT_RETURN_TYPE = YES_ERROR;
				GCC_WARN_UNDECLARED_SELECTOR = YES;
				GCC_WARN_UNINITIALIZED_AUTOS = YES_AGGRESSIVE;
				GCC_WARN_UNUSED_FUNCTION = YES;
				GCC_WARN_UNUSED_VARIABLE = YES;
				IPHONEOS_DEPLOYMENT_TARGET = 16.0;
				MTL_ENABLE_DEBUG_INFO = INCLUDE_SOURCE;
				MTL_FAST_MATH = YES;
				ONLY_ACTIVE_ARCH = YES;
				SDKROOT = iphoneos;
				SWIFT_ACTIVE_COMPILATION_CONDITIONS = DEBUG;
				SWIFT_OPTIMIZATION_LEVEL = "-Onone";
			};
			name = Debug;
		};
		C5B4451728EDF09100EC787D /* Release */ = {
			isa = XCBuildConfiguration;
			buildSettings = {
				ALWAYS_SEARCH_USER_PATHS = NO;
				CLANG_ANALYZER_NONNULL = YES;
				CLANG_ANALYZER_NUMBER_OBJECT_CONVERSION = YES_AGGRESSIVE;
				CLANG_CXX_LANGUAGE_STANDARD = "gnu++20";
				CLANG_ENABLE_MODULES = YES;
				CLANG_ENABLE_OBJC_ARC = YES;
				CLANG_ENABLE_OBJC_WEAK = YES;
				CLANG_WARN_BLOCK_CAPTURE_AUTORELEASING = YES;
				CLANG_WARN_BOOL_CONVERSION = YES;
				CLANG_WARN_COMMA = YES;
				CLANG_WARN_CONSTANT_CONVERSION = YES;
				CLANG_WARN_DEPRECATED_OBJC_IMPLEMENTATIONS = YES;
				CLANG_WARN_DIRECT_OBJC_ISA_USAGE = YES_ERROR;
				CLANG_WARN_DOCUMENTATION_COMMENTS = YES;
				CLANG_WARN_EMPTY_BODY = YES;
				CLANG_WARN_ENUM_CONVERSION = YES;
				CLANG_WARN_INFINITE_RECURSION = YES;
				CLANG_WARN_INT_CONVERSION = YES;
				CLANG_WARN_NON_LITERAL_NULL_CONVERSION = YES;
				CLANG_WARN_OBJC_IMPLICIT_RETAIN_SELF = YES;
				CLANG_WARN_OBJC_LITERAL_CONVERSION = YES;
				CLANG_WARN_OBJC_ROOT_CLASS = YES_ERROR;
				CLANG_WARN_QUOTED_INCLUDE_IN_FRAMEWORK_HEADER = YES;
				CLANG_WARN_RANGE_LOOP_ANALYSIS = YES;
				CLANG_WARN_STRICT_PROTOTYPES = YES;
				CLANG_WARN_SUSPICIOUS_MOVE = YES;
				CLANG_WARN_UNGUARDED_AVAILABILITY = YES_AGGRESSIVE;
				CLANG_WARN_UNREACHABLE_CODE = YES;
				CLANG_WARN__DUPLICATE_METHOD_MATCH = YES;
				COPY_PHASE_STRIP = NO;
				DEBUG_INFORMATION_FORMAT = "dwarf-with-dsym";
				ENABLE_NS_ASSERTIONS = NO;
				ENABLE_STRICT_OBJC_MSGSEND = YES;
				GCC_C_LANGUAGE_STANDARD = gnu11;
				GCC_NO_COMMON_BLOCKS = YES;
				GCC_WARN_64_TO_32_BIT_CONVERSION = YES;
				GCC_WARN_ABOUT_RETURN_TYPE = YES_ERROR;
				GCC_WARN_UNDECLARED_SELECTOR = YES;
				GCC_WARN_UNINITIALIZED_AUTOS = YES_AGGRESSIVE;
				GCC_WARN_UNUSED_FUNCTION = YES;
				GCC_WARN_UNUSED_VARIABLE = YES;
				IPHONEOS_DEPLOYMENT_TARGET = 16.0;
				MTL_ENABLE_DEBUG_INFO = NO;
				MTL_FAST_MATH = YES;
				SDKROOT = iphoneos;
				SWIFT_COMPILATION_MODE = wholemodule;
				SWIFT_OPTIMIZATION_LEVEL = "-O";
				VALIDATE_PRODUCT = YES;
			};
			name = Release;
		};
		C5B4451928EDF09100EC787D /* Debug */ = {
			isa = XCBuildConfiguration;
			baseConfigurationReference = 8A38544955FF8518088923F8 /* Pods-lijang.ios.debug.xcconfig */;
			buildSettings = {
				ASSETCATALOG_COMPILER_APPICON_NAME = AppIcon;
				ASSETCATALOG_COMPILER_GLOBAL_ACCENT_COLOR_NAME = AccentColor;
				CODE_SIGN_STYLE = Automatic;
				CURRENT_PROJECT_VERSION = 1;
				DEVELOPMENT_TEAM = 846UKFDJSH;
				GENERATE_INFOPLIST_FILE = YES;
				INFOPLIST_FILE = lijang.ios/Info.plist;
				INFOPLIST_KEY_UIApplicationSupportsIndirectInputEvents = YES;
				INFOPLIST_KEY_UILaunchStoryboardName = LaunchScreen;
				INFOPLIST_KEY_UIMainStoryboardFile = Main;
				INFOPLIST_KEY_UISupportedInterfaceOrientations_iPad = "UIInterfaceOrientationPortrait UIInterfaceOrientationPortraitUpsideDown UIInterfaceOrientationLandscapeLeft UIInterfaceOrientationLandscapeRight";
				INFOPLIST_KEY_UISupportedInterfaceOrientations_iPhone = "UIInterfaceOrientationPortrait UIInterfaceOrientationLandscapeLeft UIInterfaceOrientationLandscapeRight";
				LD_RUNPATH_SEARCH_PATHS = (
					"$(inherited)",
					"@executable_path/Frameworks",
				);
				MARKETING_VERSION = 1.0;
				PRODUCT_BUNDLE_IDENTIFIER = "com.specialk.lijang-ios";
				PRODUCT_NAME = "$(TARGET_NAME)";
				SWIFT_EMIT_LOC_STRINGS = YES;
				SWIFT_VERSION = 5.0;
				TARGETED_DEVICE_FAMILY = "1,2";
			};
			name = Debug;
		};
		C5B4451A28EDF09100EC787D /* Release */ = {
			isa = XCBuildConfiguration;
			baseConfigurationReference = 6D26234BD859DED41426CF7E /* Pods-lijang.ios.release.xcconfig */;
			buildSettings = {
				ASSETCATALOG_COMPILER_APPICON_NAME = AppIcon;
				ASSETCATALOG_COMPILER_GLOBAL_ACCENT_COLOR_NAME = AccentColor;
				CODE_SIGN_STYLE = Automatic;
				CURRENT_PROJECT_VERSION = 1;
				DEVELOPMENT_TEAM = 846UKFDJSH;
				GENERATE_INFOPLIST_FILE = YES;
				INFOPLIST_FILE = lijang.ios/Info.plist;
				INFOPLIST_KEY_UIApplicationSupportsIndirectInputEvents = YES;
				INFOPLIST_KEY_UILaunchStoryboardName = LaunchScreen;
				INFOPLIST_KEY_UIMainStoryboardFile = Main;
				INFOPLIST_KEY_UISupportedInterfaceOrientations_iPad = "UIInterfaceOrientationPortrait UIInterfaceOrientationPortraitUpsideDown UIInterfaceOrientationLandscapeLeft UIInterfaceOrientationLandscapeRight";
				INFOPLIST_KEY_UISupportedInterfaceOrientations_iPhone = "UIInterfaceOrientationPortrait UIInterfaceOrientationLandscapeLeft UIInterfaceOrientationLandscapeRight";
				LD_RUNPATH_SEARCH_PATHS = (
					"$(inherited)",
					"@executable_path/Frameworks",
				);
				MARKETING_VERSION = 1.0;
				PRODUCT_BUNDLE_IDENTIFIER = "com.specialk.lijang-ios";
				PRODUCT_NAME = "$(TARGET_NAME)";
				SWIFT_EMIT_LOC_STRINGS = YES;
				SWIFT_VERSION = 5.0;
				TARGETED_DEVICE_FAMILY = "1,2";
			};
			name = Release;
		};
/* End XCBuildConfiguration section */

/* Begin XCConfigurationList section */
		C5B444FF28EDF08F00EC787D /* Build configuration list for PBXProject "lijang.ios" */ = {
			isa = XCConfigurationList;
			buildConfigurations = (
				C5B4451628EDF09100EC787D /* Debug */,
				C5B4451728EDF09100EC787D /* Release */,
			);
			defaultConfigurationIsVisible = 0;
			defaultConfigurationName = Release;
		};
		C5B4451828EDF09100EC787D /* Build configuration list for PBXNativeTarget "lijang.ios" */ = {
			isa = XCConfigurationList;
			buildConfigurations = (
				C5B4451928EDF09100EC787D /* Debug */,
				C5B4451A28EDF09100EC787D /* Release */,
			);
			defaultConfigurationIsVisible = 0;
			defaultConfigurationName = Release;
		};
/* End XCConfigurationList section */

/* Begin XCRemoteSwiftPackageReference section */
		C5B4451B28EDF13E00EC787D /* XCRemoteSwiftPackageReference "Parse-Swift" */ = {
			isa = XCRemoteSwiftPackageReference;
			repositoryURL = "https://github.com/parse-community/Parse-Swift.git";
			requirement = {
				branch = main;
				kind = branch;
			};
		};
		C5B4451E28EDF15900EC787D /* XCRemoteSwiftPackageReference "AlamofireImage" */ = {
			isa = XCRemoteSwiftPackageReference;
			repositoryURL = "https://github.com/Alamofire/AlamofireImage";
			requirement = {
				kind = upToNextMajorVersion;
				minimumVersion = 4.0.0;
			};
		};
/* End XCRemoteSwiftPackageReference section */

/* Begin XCSwiftPackageProductDependency section */
		C5B4451C28EDF13E00EC787D /* ParseSwift */ = {
			isa = XCSwiftPackageProductDependency;
			package = C5B4451B28EDF13E00EC787D /* XCRemoteSwiftPackageReference "Parse-Swift" */;
			productName = ParseSwift;
		};
		C5B4451F28EDF15900EC787D /* AlamofireImage */ = {
			isa = XCSwiftPackageProductDependency;
			package = C5B4451E28EDF15900EC787D /* XCRemoteSwiftPackageReference "AlamofireImage" */;
			productName = AlamofireImage;
		};
/* End XCSwiftPackageProductDependency section */
	};
	rootObject = C5B444FC28EDF08F00EC787D /* Project object */;
}
